// !$*UTF8*$!
{
	archiveVersion = 1;
	classes = {
	};
	objectVersion = 46;
	objects = {

/* Begin PBXBuildFile section */
		7AA6D49719A6FF8100C40110 /* Foundation.framework in Frameworks */ = {isa = PBXBuildFile; fileRef = 7AA6D49619A6FF8100C40110 /* Foundation.framework */; };
		7AA6D49919A6FF8100C40110 /* CoreGraphics.framework in Frameworks */ = {isa = PBXBuildFile; fileRef = 7AA6D49819A6FF8100C40110 /* CoreGraphics.framework */; };
		7AA6D49B19A6FF8100C40110 /* UIKit.framework in Frameworks */ = {isa = PBXBuildFile; fileRef = 7AA6D49A19A6FF8100C40110 /* UIKit.framework */; };
		7AA6D4A119A6FF8100C40110 /* InfoPlist.strings in Resources */ = {isa = PBXBuildFile; fileRef = 7AA6D49F19A6FF8100C40110 /* InfoPlist.strings */; };
		7AA6D4A319A6FF8100C40110 /* main.m in Sources */ = {isa = PBXBuildFile; fileRef = 7AA6D4A219A6FF8100C40110 /* main.m */; };
		7AA6D4A719A6FF8100C40110 /* AppDelegate.m in Sources */ = {isa = PBXBuildFile; fileRef = 7AA6D4A619A6FF8100C40110 /* AppDelegate.m */; };
		7AA6D4AA19A6FF8100C40110 /* Main_iPhone.storyboard in Resources */ = {isa = PBXBuildFile; fileRef = 7AA6D4A819A6FF8100C40110 /* Main_iPhone.storyboard */; };
		7AA6D4AD19A6FF8100C40110 /* Main_iPad.storyboard in Resources */ = {isa = PBXBuildFile; fileRef = 7AA6D4AB19A6FF8100C40110 /* Main_iPad.storyboard */; };
		7AA6D4B219A6FF8100C40110 /* Images.xcassets in Resources */ = {isa = PBXBuildFile; fileRef = 7AA6D4B119A6FF8100C40110 /* Images.xcassets */; };
		7AA6D4B919A6FF8100C40110 /* XCTest.framework in Frameworks */ = {isa = PBXBuildFile; fileRef = 7AA6D4B819A6FF8100C40110 /* XCTest.framework */; };
		7AA6D4BA19A6FF8100C40110 /* Foundation.framework in Frameworks */ = {isa = PBXBuildFile; fileRef = 7AA6D49619A6FF8100C40110 /* Foundation.framework */; };
		7AA6D4BB19A6FF8100C40110 /* UIKit.framework in Frameworks */ = {isa = PBXBuildFile; fileRef = 7AA6D49A19A6FF8100C40110 /* UIKit.framework */; };
		7AA6D4C319A6FF8100C40110 /* InfoPlist.strings in Resources */ = {isa = PBXBuildFile; fileRef = 7AA6D4C119A6FF8100C40110 /* InfoPlist.strings */; };
		7AA6D4C519A6FF8100C40110 /* SpelaTests.m in Sources */ = {isa = PBXBuildFile; fileRef = 7AA6D4C419A6FF8100C40110 /* SpelaTests.m */; };
		7AA6D4D019A6FFD000C40110 /* BaseTableViewController.m in Sources */ = {isa = PBXBuildFile; fileRef = 7AA6D4CF19A6FFD000C40110 /* BaseTableViewController.m */; };
		7AA6D4D319A6FFF200C40110 /* AuthViewController.m in Sources */ = {isa = PBXBuildFile; fileRef = 7AA6D4D219A6FFF200C40110 /* AuthViewController.m */; };
		7AA6D4D619A7031500C40110 /* PlayViewController.m in Sources */ = {isa = PBXBuildFile; fileRef = 7AA6D4D519A7031500C40110 /* PlayViewController.m */; };
		7AA6D4DB19A7089A00C40110 /* next-active.pdf in Resources */ = {isa = PBXBuildFile; fileRef = 7AA6D4D719A7089A00C40110 /* next-active.pdf */; };
		7AA6D4DC19A7089A00C40110 /* play-active.pdf in Resources */ = {isa = PBXBuildFile; fileRef = 7AA6D4D819A7089A00C40110 /* play-active.pdf */; };
		7AA6D4DD19A7089A00C40110 /* pause-active.pdf in Resources */ = {isa = PBXBuildFile; fileRef = 7AA6D4D919A7089A00C40110 /* pause-active.pdf */; };
		7AA6D4DE19A7089A00C40110 /* previous-active.pdf in Resources */ = {isa = PBXBuildFile; fileRef = 7AA6D4DA19A7089A00C40110 /* previous-active.pdf */; };
/* End PBXBuildFile section */

/* Begin PBXContainerItemProxy section */
		7AA6D4BC19A6FF8100C40110 /* PBXContainerItemProxy */ = {
			isa = PBXContainerItemProxy;
			containerPortal = 7AA6D48B19A6FF8100C40110 /* Project object */;
			proxyType = 1;
			remoteGlobalIDString = 7AA6D49219A6FF8100C40110;
			remoteInfo = Spela;
		};
/* End PBXContainerItemProxy section */

/* Begin PBXFileReference section */
		7AA6D49319A6FF8100C40110 /* Spela.app */ = {isa = PBXFileReference; explicitFileType = wrapper.application; includeInIndex = 0; path = Spela.app; sourceTree = BUILT_PRODUCTS_DIR; };
		7AA6D49619A6FF8100C40110 /* Foundation.framework */ = {isa = PBXFileReference; lastKnownFileType = wrapper.framework; name = Foundation.framework; path = System/Library/Frameworks/Foundation.framework; sourceTree = SDKROOT; };
		7AA6D49819A6FF8100C40110 /* CoreGraphics.framework */ = {isa = PBXFileReference; lastKnownFileType = wrapper.framework; name = CoreGraphics.framework; path = System/Library/Frameworks/CoreGraphics.framework; sourceTree = SDKROOT; };
		7AA6D49A19A6FF8100C40110 /* UIKit.framework */ = {isa = PBXFileReference; lastKnownFileType = wrapper.framework; name = UIKit.framework; path = System/Library/Frameworks/UIKit.framework; sourceTree = SDKROOT; };
		7AA6D49E19A6FF8100C40110 /* Spela-Info.plist */ = {isa = PBXFileReference; lastKnownFileType = text.plist.xml; path = "Spela-Info.plist"; sourceTree = "<group>"; };
		7AA6D4A019A6FF8100C40110 /* en */ = {isa = PBXFileReference; lastKnownFileType = text.plist.strings; name = en; path = en.lproj/InfoPlist.strings; sourceTree = "<group>"; };
		7AA6D4A219A6FF8100C40110 /* main.m */ = {isa = PBXFileReference; lastKnownFileType = sourcecode.c.objc; path = main.m; sourceTree = "<group>"; };
		7AA6D4A419A6FF8100C40110 /* Spela-Prefix.pch */ = {isa = PBXFileReference; lastKnownFileType = sourcecode.c.h; path = "Spela-Prefix.pch"; sourceTree = "<group>"; };
		7AA6D4A519A6FF8100C40110 /* AppDelegate.h */ = {isa = PBXFileReference; lastKnownFileType = sourcecode.c.h; path = AppDelegate.h; sourceTree = "<group>"; };
		7AA6D4A619A6FF8100C40110 /* AppDelegate.m */ = {isa = PBXFileReference; lastKnownFileType = sourcecode.c.objc; path = AppDelegate.m; sourceTree = "<group>"; };
		7AA6D4A919A6FF8100C40110 /* Base */ = {isa = PBXFileReference; lastKnownFileType = file.storyboard; name = Base; path = Base.lproj/Main_iPhone.storyboard; sourceTree = "<group>"; };
		7AA6D4AC19A6FF8100C40110 /* Base */ = {isa = PBXFileReference; lastKnownFileType = file.storyboard; name = Base; path = Base.lproj/Main_iPad.storyboard; sourceTree = "<group>"; };
		7AA6D4B119A6FF8100C40110 /* Images.xcassets */ = {isa = PBXFileReference; lastKnownFileType = folder.assetcatalog; path = Images.xcassets; sourceTree = "<group>"; };
		7AA6D4B719A6FF8100C40110 /* SpelaTests.xctest */ = {isa = PBXFileReference; explicitFileType = wrapper.cfbundle; includeInIndex = 0; path = SpelaTests.xctest; sourceTree = BUILT_PRODUCTS_DIR; };
		7AA6D4B819A6FF8100C40110 /* XCTest.framework */ = {isa = PBXFileReference; lastKnownFileType = wrapper.framework; name = XCTest.framework; path = Library/Frameworks/XCTest.framework; sourceTree = DEVELOPER_DIR; };
		7AA6D4C019A6FF8100C40110 /* SpelaTests-Info.plist */ = {isa = PBXFileReference; lastKnownFileType = text.plist.xml; path = "SpelaTests-Info.plist"; sourceTree = "<group>"; };
		7AA6D4C219A6FF8100C40110 /* en */ = {isa = PBXFileReference; lastKnownFileType = text.plist.strings; name = en; path = en.lproj/InfoPlist.strings; sourceTree = "<group>"; };
		7AA6D4C419A6FF8100C40110 /* SpelaTests.m */ = {isa = PBXFileReference; lastKnownFileType = sourcecode.c.objc; path = SpelaTests.m; sourceTree = "<group>"; };
		7AA6D4CE19A6FFD000C40110 /* BaseTableViewController.h */ = {isa = PBXFileReference; fileEncoding = 4; lastKnownFileType = sourcecode.c.h; path = BaseTableViewController.h; sourceTree = "<group>"; };
		7AA6D4CF19A6FFD000C40110 /* BaseTableViewController.m */ = {isa = PBXFileReference; fileEncoding = 4; lastKnownFileType = sourcecode.c.objc; path = BaseTableViewController.m; sourceTree = "<group>"; };
		7AA6D4D119A6FFF200C40110 /* AuthViewController.h */ = {isa = PBXFileReference; fileEncoding = 4; lastKnownFileType = sourcecode.c.h; path = AuthViewController.h; sourceTree = "<group>"; };
		7AA6D4D219A6FFF200C40110 /* AuthViewController.m */ = {isa = PBXFileReference; fileEncoding = 4; lastKnownFileType = sourcecode.c.objc; path = AuthViewController.m; sourceTree = "<group>"; };
		7AA6D4D419A7031500C40110 /* PlayViewController.h */ = {isa = PBXFileReference; fileEncoding = 4; lastKnownFileType = sourcecode.c.h; path = PlayViewController.h; sourceTree = "<group>"; };
		7AA6D4D519A7031500C40110 /* PlayViewController.m */ = {isa = PBXFileReference; fileEncoding = 4; lastKnownFileType = sourcecode.c.objc; path = PlayViewController.m; sourceTree = "<group>"; };
		7AA6D4D719A7089A00C40110 /* next-active.pdf */ = {isa = PBXFileReference; lastKnownFileType = image.pdf; path = "next-active.pdf"; sourceTree = "<group>"; };
		7AA6D4D819A7089A00C40110 /* play-active.pdf */ = {isa = PBXFileReference; lastKnownFileType = image.pdf; path = "play-active.pdf"; sourceTree = "<group>"; };
		7AA6D4D919A7089A00C40110 /* pause-active.pdf */ = {isa = PBXFileReference; lastKnownFileType = image.pdf; path = "pause-active.pdf"; sourceTree = "<group>"; };
		7AA6D4DA19A7089A00C40110 /* previous-active.pdf */ = {isa = PBXFileReference; lastKnownFileType = image.pdf; path = "previous-active.pdf"; sourceTree = "<group>"; };
/* End PBXFileReference section */

/* Begin PBXFrameworksBuildPhase section */
		7AA6D49019A6FF8100C40110 /* Frameworks */ = {
			isa = PBXFrameworksBuildPhase;
			buildActionMask = 2147483647;
			files = (
				7AA6D49919A6FF8100C40110 /* CoreGraphics.framework in Frameworks */,
				7AA6D49B19A6FF8100C40110 /* UIKit.framework in Frameworks */,
				7AA6D49719A6FF8100C40110 /* Foundation.framework in Frameworks */,
			);
			runOnlyForDeploymentPostprocessing = 0;
		};
		7AA6D4B419A6FF8100C40110 /* Frameworks */ = {
			isa = PBXFrameworksBuildPhase;
			buildActionMask = 2147483647;
			files = (
				7AA6D4B919A6FF8100C40110 /* XCTest.framework in Frameworks */,
				7AA6D4BB19A6FF8100C40110 /* UIKit.framework in Frameworks */,
				7AA6D4BA19A6FF8100C40110 /* Foundation.framework in Frameworks */,
			);
			runOnlyForDeploymentPostprocessing = 0;
		};
/* End PBXFrameworksBuildPhase section */

/* Begin PBXGroup section */
		7AA6D48A19A6FF8100C40110 = {
			isa = PBXGroup;
			children = (
				7AA6D49C19A6FF8100C40110 /* Spela */,
				7AA6D4BE19A6FF8100C40110 /* SpelaTests */,
				7AA6D49519A6FF8100C40110 /* Frameworks */,
				7AA6D49419A6FF8100C40110 /* Products */,
			);
			sourceTree = "<group>";
		};
		7AA6D49419A6FF8100C40110 /* Products */ = {
			isa = PBXGroup;
			children = (
				7AA6D49319A6FF8100C40110 /* Spela.app */,
				7AA6D4B719A6FF8100C40110 /* SpelaTests.xctest */,
			);
			name = Products;
			sourceTree = "<group>";
		};
		7AA6D49519A6FF8100C40110 /* Frameworks */ = {
			isa = PBXGroup;
			children = (
				7AA6D49619A6FF8100C40110 /* Foundation.framework */,
				7AA6D49819A6FF8100C40110 /* CoreGraphics.framework */,
				7AA6D49A19A6FF8100C40110 /* UIKit.framework */,
				7AA6D4B819A6FF8100C40110 /* XCTest.framework */,
			);
			name = Frameworks;
			sourceTree = "<group>";
		};
		7AA6D49C19A6FF8100C40110 /* Spela */ = {
			isa = PBXGroup;
			children = (
				7AA6D4A519A6FF8100C40110 /* AppDelegate.h */,
				7AA6D4A619A6FF8100C40110 /* AppDelegate.m */,
				7AA6D4A819A6FF8100C40110 /* Main_iPhone.storyboard */,
				7AA6D4AB19A6FF8100C40110 /* Main_iPad.storyboard */,
				7AA6D4B119A6FF8100C40110 /* Images.xcassets */,
				7AA6D49D19A6FF8100C40110 /* Supporting Files */,
				7AA6D4CE19A6FFD000C40110 /* BaseTableViewController.h */,
				7AA6D4CF19A6FFD000C40110 /* BaseTableViewController.m */,
				7AA6D4D119A6FFF200C40110 /* AuthViewController.h */,
				7AA6D4D219A6FFF200C40110 /* AuthViewController.m */,
				7AA6D4D419A7031500C40110 /* PlayViewController.h */,
				7AA6D4D519A7031500C40110 /* PlayViewController.m */,
			);
			path = Spela;
			sourceTree = "<group>";
		};
		7AA6D49D19A6FF8100C40110 /* Supporting Files */ = {
			isa = PBXGroup;
			children = (
				7AA6D4D719A7089A00C40110 /* next-active.pdf */,
				7AA6D4D819A7089A00C40110 /* play-active.pdf */,
				7AA6D4D919A7089A00C40110 /* pause-active.pdf */,
				7AA6D4DA19A7089A00C40110 /* previous-active.pdf */,
				7AA6D49E19A6FF8100C40110 /* Spela-Info.plist */,
				7AA6D49F19A6FF8100C40110 /* InfoPlist.strings */,
				7AA6D4A219A6FF8100C40110 /* main.m */,
				7AA6D4A419A6FF8100C40110 /* Spela-Prefix.pch */,
			);
			name = "Supporting Files";
			sourceTree = "<group>";
		};
		7AA6D4BE19A6FF8100C40110 /* SpelaTests */ = {
			isa = PBXGroup;
			children = (
				7AA6D4C419A6FF8100C40110 /* SpelaTests.m */,
				7AA6D4BF19A6FF8100C40110 /* Supporting Files */,
			);
			path = SpelaTests;
			sourceTree = "<group>";
		};
		7AA6D4BF19A6FF8100C40110 /* Supporting Files */ = {
			isa = PBXGroup;
			children = (
				7AA6D4C019A6FF8100C40110 /* SpelaTests-Info.plist */,
				7AA6D4C119A6FF8100C40110 /* InfoPlist.strings */,
			);
			name = "Supporting Files";
			sourceTree = "<group>";
		};
/* End PBXGroup section */

/* Begin PBXNativeTarget section */
		7AA6D49219A6FF8100C40110 /* Spela */ = {
			isa = PBXNativeTarget;
			buildConfigurationList = 7AA6D4C819A6FF8100C40110 /* Build configuration list for PBXNativeTarget "Spela" */;
			buildPhases = (
				7AA6D48F19A6FF8100C40110 /* Sources */,
				7AA6D49019A6FF8100C40110 /* Frameworks */,
				7AA6D49119A6FF8100C40110 /* Resources */,
			);
			buildRules = (
			);
			dependencies = (
			);
			name = Spela;
			productName = Spela;
			productReference = 7AA6D49319A6FF8100C40110 /* Spela.app */;
			productType = "com.apple.product-type.application";
		};
		7AA6D4B619A6FF8100C40110 /* SpelaTests */ = {
			isa = PBXNativeTarget;
			buildConfigurationList = 7AA6D4CB19A6FF8100C40110 /* Build configuration list for PBXNativeTarget "SpelaTests" */;
			buildPhases = (
				7AA6D4B319A6FF8100C40110 /* Sources */,
				7AA6D4B419A6FF8100C40110 /* Frameworks */,
				7AA6D4B519A6FF8100C40110 /* Resources */,
			);
			buildRules = (
			);
			dependencies = (
				7AA6D4BD19A6FF8100C40110 /* PBXTargetDependency */,
			);
			name = SpelaTests;
			productName = SpelaTests;
			productReference = 7AA6D4B719A6FF8100C40110 /* SpelaTests.xctest */;
			productType = "com.apple.product-type.bundle.unit-test";
		};
/* End PBXNativeTarget section */

/* Begin PBXProject section */
		7AA6D48B19A6FF8100C40110 /* Project object */ = {
			isa = PBXProject;
			attributes = {
				LastUpgradeCheck = 0510;
				ORGANIZATIONNAME = "Daniel Thengvall";
				TargetAttributes = {
					7AA6D4B619A6FF8100C40110 = {
						TestTargetID = 7AA6D49219A6FF8100C40110;
					};
				};
			};
			buildConfigurationList = 7AA6D48E19A6FF8100C40110 /* Build configuration list for PBXProject "Spela" */;
			compatibilityVersion = "Xcode 3.2";
			developmentRegion = English;
			hasScannedForEncodings = 0;
			knownRegions = (
				en,
				Base,
			);
			mainGroup = 7AA6D48A19A6FF8100C40110;
			productRefGroup = 7AA6D49419A6FF8100C40110 /* Products */;
			projectDirPath = "";
			projectRoot = "";
			targets = (
				7AA6D49219A6FF8100C40110 /* Spela */,
				7AA6D4B619A6FF8100C40110 /* SpelaTests */,
			);
		};
/* End PBXProject section */

/* Begin PBXResourcesBuildPhase section */
		7AA6D49119A6FF8100C40110 /* Resources */ = {
			isa = PBXResourcesBuildPhase;
			buildActionMask = 2147483647;
			files = (
				7AA6D4AD19A6FF8100C40110 /* Main_iPad.storyboard in Resources */,
				7AA6D4DE19A7089A00C40110 /* previous-active.pdf in Resources */,
				7AA6D4B219A6FF8100C40110 /* Images.xcassets in Resources */,
				7AA6D4DB19A7089A00C40110 /* next-active.pdf in Resources */,
				7AA6D4DD19A7089A00C40110 /* pause-active.pdf in Resources */,
				7AA6D4AA19A6FF8100C40110 /* Main_iPhone.storyboard in Resources */,
				7AA6D4DC19A7089A00C40110 /* play-active.pdf in Resources */,
				7AA6D4A119A6FF8100C40110 /* InfoPlist.strings in Resources */,
			);
			runOnlyForDeploymentPostprocessing = 0;
		};
		7AA6D4B519A6FF8100C40110 /* Resources */ = {
			isa = PBXResourcesBuildPhase;
			buildActionMask = 2147483647;
			files = (
				7AA6D4C319A6FF8100C40110 /* InfoPlist.strings in Resources */,
			);
			runOnlyForDeploymentPostprocessing = 0;
		};
/* End PBXResourcesBuildPhase section */

/* Begin PBXSourcesBuildPhase section */
		7AA6D48F19A6FF8100C40110 /* Sources */ = {
			isa = PBXSourcesBuildPhase;
			buildActionMask = 2147483647;
			files = (
				7AA6D4D319A6FFF200C40110 /* AuthViewController.m in Sources */,
				7AA6D4A719A6FF8100C40110 /* AppDelegate.m in Sources */,
				7AA6D4D019A6FFD000C40110 /* BaseTableViewController.m in Sources */,
				7AA6D4D619A7031500C40110 /* PlayViewController.m in Sources */,
				7AA6D4A319A6FF8100C40110 /* main.m in Sources */,
			);
			runOnlyForDeploymentPostprocessing = 0;
		};
		7AA6D4B319A6FF8100C40110 /* Sources */ = {
			isa = PBXSourcesBuildPhase;
			buildActionMask = 2147483647;
			files = (
				7AA6D4C519A6FF8100C40110 /* SpelaTests.m in Sources */,
			);
			runOnlyForDeploymentPostprocessing = 0;
		};
/* End PBXSourcesBuildPhase section */

/* Begin PBXTargetDependency section */
		7AA6D4BD19A6FF8100C40110 /* PBXTargetDependency */ = {
			isa = PBXTargetDependency;
			target = 7AA6D49219A6FF8100C40110 /* Spela */;
			targetProxy = 7AA6D4BC19A6FF8100C40110 /* PBXContainerItemProxy */;
		};
/* End PBXTargetDependency section */

/* Begin PBXVariantGroup section */
		7AA6D49F19A6FF8100C40110 /* InfoPlist.strings */ = {
			isa = PBXVariantGroup;
			children = (
				7AA6D4A019A6FF8100C40110 /* en */,
			);
			name = InfoPlist.strings;
			sourceTree = "<group>";
		};
		7AA6D4A819A6FF8100C40110 /* Main_iPhone.storyboard */ = {
			isa = PBXVariantGroup;
			children = (
				7AA6D4A919A6FF8100C40110 /* Base */,
			);
			name = Main_iPhone.storyboard;
			sourceTree = "<group>";
		};
		7AA6D4AB19A6FF8100C40110 /* Main_iPad.storyboard */ = {
			isa = PBXVariantGroup;
			children = (
				7AA6D4AC19A6FF8100C40110 /* Base */,
			);
			name = Main_iPad.storyboard;
			sourceTree = "<group>";
		};
		7AA6D4C119A6FF8100C40110 /* InfoPlist.strings */ = {
			isa = PBXVariantGroup;
			children = (
				7AA6D4C219A6FF8100C40110 /* en */,
			);
			name = InfoPlist.strings;
			sourceTree = "<group>";
		};
/* End PBXVariantGroup section */

/* Begin XCBuildConfiguration section */
		7AA6D4C619A6FF8100C40110 /* Debug */ = {
			isa = XCBuildConfiguration;
			buildSettings = {
				ALWAYS_SEARCH_USER_PATHS = NO;
				CLANG_CXX_LANGUAGE_STANDARD = "gnu++0x";
				CLANG_CXX_LIBRARY = "libc++";
				CLANG_ENABLE_MODULES = YES;
				CLANG_ENABLE_OBJC_ARC = YES;
				CLANG_WARN_BOOL_CONVERSION = YES;
				CLANG_WARN_CONSTANT_CONVERSION = YES;
				CLANG_WARN_DIRECT_OBJC_ISA_USAGE = YES_ERROR;
				CLANG_WARN_EMPTY_BODY = YES;
				CLANG_WARN_ENUM_CONVERSION = YES;
				CLANG_WARN_INT_CONVERSION = YES;
				CLANG_WARN_OBJC_ROOT_CLASS = YES_ERROR;
				CLANG_WARN__DUPLICATE_METHOD_MATCH = YES;
				"CODE_SIGN_IDENTITY[sdk=iphoneos*]" = "iPhone Developer";
				COPY_PHASE_STRIP = NO;
				GCC_C_LANGUAGE_STANDARD = gnu99;
				GCC_DYNAMIC_NO_PIC = NO;
				GCC_OPTIMIZATION_LEVEL = 0;
				GCC_PREPROCESSOR_DEFINITIONS = (
					"DEBUG=1",
					"$(inherited)",
				);
				GCC_SYMBOLS_PRIVATE_EXTERN = NO;
				GCC_WARN_64_TO_32_BIT_CONVERSION = YES;
				GCC_WARN_ABOUT_RETURN_TYPE = YES_ERROR;
				GCC_WARN_UNDECLARED_SELECTOR = YES;
				GCC_WARN_UNINITIALIZED_AUTOS = YES_AGGRESSIVE;
				GCC_WARN_UNUSED_FUNCTION = YES;
				GCC_WARN_UNUSED_VARIABLE = YES;
				IPHONEOS_DEPLOYMENT_TARGET = 7.1;
				ONLY_ACTIVE_ARCH = YES;
				SDKROOT = iphoneos;
				TARGETED_DEVICE_FAMILY = "1,2";
			};
			name = Debug;
		};
		7AA6D4C719A6FF8100C40110 /* Release */ = {
			isa = XCBuildConfiguration;
			buildSettings = {
				ALWAYS_SEARCH_USER_PATHS = NO;
				CLANG_CXX_LANGUAGE_STANDARD = "gnu++0x";
				CLANG_CXX_LIBRARY = "libc++";
				CLANG_ENABLE_MODULES = YES;
				CLANG_ENABLE_OBJC_ARC = YES;
				CLANG_WARN_BOOL_CONVERSION = YES;
				CLANG_WARN_CONSTANT_CONVERSION = YES;
				CLANG_WARN_DIRECT_OBJC_ISA_USAGE = YES_ERROR;
				CLANG_WARN_EMPTY_BODY = YES;
				CLANG_WARN_ENUM_CONVERSION = YES;
				CLANG_WARN_INT_CONVERSION = YES;
				CLANG_WARN_OBJC_ROOT_CLASS = YES_ERROR;
				CLANG_WARN__DUPLICATE_METHOD_MATCH = YES;
				"CODE_SIGN_IDENTITY[sdk=iphoneos*]" = "iPhone Developer";
				COPY_PHASE_STRIP = YES;
				ENABLE_NS_ASSERTIONS = NO;
				GCC_C_LANGUAGE_STANDARD = gnu99;
				GCC_WARN_64_TO_32_BIT_CONVERSION = YES;
				GCC_WARN_ABOUT_RETURN_TYPE = YES_ERROR;
				GCC_WARN_UNDECLARED_SELECTOR = YES;
				GCC_WARN_UNINITIALIZED_AUTOS = YES_AGGRESSIVE;
				GCC_WARN_UNUSED_FUNCTION = YES;
				GCC_WARN_UNUSED_VARIABLE = YES;
				IPHONEOS_DEPLOYMENT_TARGET = 7.1;
				SDKROOT = iphoneos;
				TARGETED_DEVICE_FAMILY = "1,2";
				VALIDATE_PRODUCT = YES;
			};
			name = Release;
		};
		7AA6D4C919A6FF8100C40110 /* Debug */ = {
			isa = XCBuildConfiguration;
			buildSettings = {
				ASSETCATALOG_COMPILER_APPICON_NAME = AppIcon;
				ASSETCATALOG_COMPILER_LAUNCHIMAGE_NAME = LaunchImage;
				GCC_PRECOMPILE_PREFIX_HEADER = YES;
				GCC_PREFIX_HEADER = "Spela/Spela-Prefix.pch";
				INFOPLIST_FILE = "Spela/Spela-Info.plist";
				PRODUCT_NAME = "$(TARGET_NAME)";
				WRAPPER_EXTENSION = app;
			};
			name = Debug;
		};
		7AA6D4CA19A6FF8100C40110 /* Release */ = {
			isa = XCBuildConfiguration;
			buildSettings = {
				ASSETCATALOG_COMPILER_APPICON_NAME = AppIcon;
				ASSETCATALOG_COMPILER_LAUNCHIMAGE_NAME = LaunchImage;
				GCC_PRECOMPILE_PREFIX_HEADER = YES;
				GCC_PREFIX_HEADER = "Spela/Spela-Prefix.pch";
				INFOPLIST_FILE = "Spela/Spela-Info.plist";
				PRODUCT_NAME = "$(TARGET_NAME)";
				WRAPPER_EXTENSION = app;
			};
			name = Release;
		};
		7AA6D4CC19A6FF8100C40110 /* Debug */ = {
			isa = XCBuildConfiguration;
			buildSettings = {
				BUNDLE_LOADER = "$(BUILT_PRODUCTS_DIR)/Spela.app/Spela";
				FRAMEWORK_SEARCH_PATHS = (
					"$(SDKROOT)/Developer/Library/Frameworks",
					"$(inherited)",
					"$(DEVELOPER_FRAMEWORKS_DIR)",
				);
				GCC_PRECOMPILE_PREFIX_HEADER = YES;
				GCC_PREFIX_HEADER = "Spela/Spela-Prefix.pch";
				GCC_PREPROCESSOR_DEFINITIONS = (
					"DEBUG=1",
					"$(inherited)",
				);
				INFOPLIST_FILE = "SpelaTests/SpelaTests-Info.plist";
				PRODUCT_NAME = "$(TARGET_NAME)";
				TEST_HOST = "$(BUNDLE_LOADER)";
				WRAPPER_EXTENSION = xctest;
			};
			name = Debug;
		};
		7AA6D4CD19A6FF8100C40110 /* Release */ = {
			isa = XCBuildConfiguration;
			buildSettings = {
				BUNDLE_LOADER = "$(BUILT_PRODUCTS_DIR)/Spela.app/Spela";
				FRAMEWORK_SEARCH_PATHS = (
					"$(SDKROOT)/Developer/Library/Frameworks",
					"$(inherited)",
					"$(DEVELOPER_FRAMEWORKS_DIR)",
				);
				GCC_PRECOMPILE_PREFIX_HEADER = YES;
				GCC_PREFIX_HEADER = "Spela/Spela-Prefix.pch";
				INFOPLIST_FILE = "SpelaTests/SpelaTests-Info.plist";
				PRODUCT_NAME = "$(TARGET_NAME)";
				TEST_HOST = "$(BUNDLE_LOADER)";
				WRAPPER_EXTENSION = xctest;
			};
			name = Release;
		};
/* End XCBuildConfiguration section */

/* Begin XCConfigurationList section */
		7AA6D48E19A6FF8100C40110 /* Build configuration list for PBXProject "Spela" */ = {
			isa = XCConfigurationList;
			buildConfigurations = (
				7AA6D4C619A6FF8100C40110 /* Debug */,
				7AA6D4C719A6FF8100C40110 /* Release */,
			);
			defaultConfigurationIsVisible = 0;
			defaultConfigurationName = Release;
		};
		7AA6D4C819A6FF8100C40110 /* Build configuration list for PBXNativeTarget "Spela" */ = {
			isa = XCConfigurationList;
			buildConfigurations = (
				7AA6D4C919A6FF8100C40110 /* Debug */,
				7AA6D4CA19A6FF8100C40110 /* Release */,
			);
			defaultConfigurationIsVisible = 0;
		};
		7AA6D4CB19A6FF8100C40110 /* Build configuration list for PBXNativeTarget "SpelaTests" */ = {
			isa = XCConfigurationList;
			buildConfigurations = (
				7AA6D4CC19A6FF8100C40110 /* Debug */,
				7AA6D4CD19A6FF8100C40110 /* Release */,
			);
			defaultConfigurationIsVisible = 0;
		};
/* End XCConfigurationList section */
	};
	rootObject = 7AA6D48B19A6FF8100C40110 /* Project object */;
}
